
Microsoft Visual Studio Solution File, Format Version 12.00
# Visual Studio Version 17
VisualStudioVersion = 17.3.32929.385
MinimumVisualStudioVersion = 10.0.40219.1
Project("{FAE04EC0-301F-11D3-BF4B-00C04F79EFBC}") = "Zadacha1", "Zadacha1\Zadacha1.csproj", "{EC41B328-CCBE-4D0D-8952-27647CC3052F}"
EndProject
Project("{FAE04EC0-301F-11D3-BF4B-00C04F79EFBC}") = "Zadacha2", "Zadacha2\Zadacha2.csproj", "{EBE47092-2D34-4D99-9D4C-4DC30C2A227F}"
EndProject
Global
	GlobalSection(SolutionConfigurationPlatforms) = preSolution
		Debug|Any CPU = Debug|Any CPU
		Release|Any CPU = Release|Any CPU
	EndGlobalSection
	GlobalSection(ProjectConfigurationPlatforms) = postSolution
		{EC41B328-CCBE-4D0D-8952-27647CC3052F}.Debug|Any CPU.ActiveCfg = Debug|Any CPU
		{EC41B328-CCBE-4D0D-8952-27647CC3052F}.Debug|Any CPU.Build.0 = Debug|Any CPU
		{EC41B328-CCBE-4D0D-8952-27647CC3052F}.Release|Any CPU.ActiveCfg = Release|Any CPU
		{EC41B328-CCBE-4D0D-8952-27647CC3052F}.Release|Any CPU.Build.0 = Release|Any CPU
		{EBE47092-2D34-4D99-9D4C-4DC30C2A227F}.Debug|Any CPU.ActiveCfg = Debug|Any CPU
		{EBE47092-2D34-4D99-9D4C-4DC30C2A227F}.Debug|Any CPU.Build.0 = Debug|Any CPU
		{EBE47092-2D34-4D99-9D4C-4DC30C2A227F}.Release|Any CPU.ActiveCfg = Release|Any CPU
		{EBE47092-2D34-4D99-9D4C-4DC30C2A227F}.Release|Any CPU.Build.0 = Release|Any CPU
	EndGlobalSection
	GlobalSection(SolutionProperties) = preSolution
		HideSolutionNode = FALSE
	EndGlobalSection
	GlobalSection(ExtensibilityGlobals) = postSolution
		SolutionGuid = {7F79A004-0B40-4B5D-8937-73DBA01D29BB}
	EndGlobalSection
EndGlobal
